// !$*UTF8*$!
{
	archiveVersion = 1;
	classes = {
	};
	objectVersion = 46;
	objects = {

/* Begin PBXBuildFile section */
		890512C6156B40E90073E481 /* main.cpp in Sources */ = {isa = PBXBuildFile; fileRef = 890512C5156B40E90073E481 /* main.cpp */; };
		890512C8156B40E90073E481 /* Week12Lab.1 in CopyFiles */ = {isa = PBXBuildFile; fileRef = 890512C7156B40E90073E481 /* Week12Lab.1 */; };
/* End PBXBuildFile section */

/* Begin PBXCopyFilesBuildPhase section */
		890512BF156B40E80073E481 /* CopyFiles */ = {
			isa = PBXCopyFilesBuildPhase;
			buildActionMask = 2147483647;
			dstPath = /usr/share/man/man1/;
			dstSubfolderSpec = 0;
			files = (
				890512C8156B40E90073E481 /* Week12Lab.1 in CopyFiles */,
			);
			runOnlyForDeploymentPostprocessing = 1;
		};
/* End PBXCopyFilesBuildPhase section */

/* Begin PBXFileReference section */
		890512C1156B40E80073E481 /* Week12Lab */ = {isa = PBXFileReference; explicitFileType = "compiled.mach-o.executable"; includeInIndex = 0; path = Week12Lab; sourceTree = BUILT_PRODUCTS_DIR; };
		890512C5156B40E90073E481 /* main.cpp */ = {isa = PBXFileReference; lastKnownFileType = sourcecode.cpp.cpp; path = main.cpp; sourceTree = "<group>"; };
		890512C7156B40E90073E481 /* Week12Lab.1 */ = {isa = PBXFileReference; lastKnownFileType = text.man; path = Week12Lab.1; sourceTree = "<group>"; };
/* End PBXFileReference section */

/* Begin PBXFrameworksBuildPhase section */
		890512BE156B40E80073E481 /* Frameworks */ = {
			isa = PBXFrameworksBuildPhase;
			buildActionMask = 2147483647;
			files = (
			);
			runOnlyForDeploymentPostprocessing = 0;
		};
/* End PBXFrameworksBuildPhase section */

/* Begin PBXGroup section */
		890512B6156B40E70073E481 = {
			isa = PBXGroup;
			children = (
				890512C4156B40E80073E481 /* Week12Lab */,
				890512C2156B40E80073E481 /* Products */,
			);
			sourceTree = "<group>";
		};
		890512C2156B40E80073E481 /* Products */ = {
			isa = PBXGroup;
			children = (
				890512C1156B40E80073E481 /* Week12Lab */,
			);
			name = Products;
			sourceTree = "<group>";
		};
		890512C4156B40E80073E481 /* Week12Lab */ = {
			isa = PBXGroup;
			children = (
				890512C5156B40E90073E481 /* main.cpp */,
				890512C7156B40E90073E481 /* Week12Lab.1 */,
			);
			path = Week12Lab;
			sourceTree = "<group>";
		};
/* End PBXGroup section */

/* Begin PBXNativeTarget section */
		890512C0156B40E80073E481 /* Week12Lab */ = {
			isa = PBXNativeTarget;
			buildConfigurationList = 890512CB156B40E90073E481 /* Build configuration list for PBXNativeTarget "Week12Lab" */;
			buildPhases = (
				890512BD156B40E80073E481 /* Sources */,
				890512BE156B40E80073E481 /* Frameworks */,
				890512BF156B40E80073E481 /* CopyFiles */,
			);
			buildRules = (
			);
			dependencies = (
			);
			name = Week12Lab;
			productName = Week12Lab;
			productReference = 890512C1156B40E80073E481 /* Week12Lab */;
			productType = "com.apple.product-type.tool";
		};
/* End PBXNativeTarget section */

/* Begin PBXProject section */
		890512B8156B40E70073E481 /* Project object */ = {
			isa = PBXProject;
			attributes = {
				LastUpgradeCheck = 0420;
				ORGANIZATIONNAME = "Monash University Student";
			};
			buildConfigurationList = 890512BB156B40E70073E481 /* Build configuration list for PBXProject "Week12Lab" */;
			compatibilityVersion = "Xcode 3.2";
			developmentRegion = English;
			hasScannedForEncodings = 0;
			knownRegions = (
				en,
			);
			mainGroup = 890512B6156B40E70073E481;
			productRefGroup = 890512C2156B40E80073E481 /* Products */;
			projectDirPath = "";
			projectRoot = "";
			targets = (
				890512C0156B40E80073E481 /* Week12Lab */,
			);
		};
/* End PBXProject section */

/* Begin PBXSourcesBuildPhase section */
		890512BD156B40E80073E481 /* Sources */ = {
			isa = PBXSourcesBuildPhase;
			buildActionMask = 2147483647;
			files = (
				890512C6156B40E90073E481 /* main.cpp in Sources */,
			);
			runOnlyForDeploymentPostprocessing = 0;
		};
/* End PBXSourcesBuildPhase section */

/* Begin XCBuildConfiguration section */
		890512C9156B40E90073E481 /* Debug */ = {
			isa = XCBuildConfiguration;
			buildSettings = {
				ALWAYS_SEARCH_USER_PATHS = NO;
				ARCHS = "$(ARCHS_STANDARD_64_BIT)";
				COPY_PHASE_STRIP = NO;
				GCC_C_LANGUAGE_STANDARD = gnu99;
				GCC_DYNAMIC_NO_PIC = NO;
				GCC_ENABLE_OBJC_EXCEPTIONS = YES;
				GCC_OPTIMIZATION_LEVEL = 0;
				GCC_PREPROCESSOR_DEFINITIONS = (
					"DEBUG=1",
					"$(inherited)",
				);
				GCC_SYMBOLS_PRIVATE_EXTERN = NO;
				GCC_VERSION = com.apple.compilers.llvm.clang.1_0;
				GCC_WARN_64_TO_32_BIT_CONVERSION = YES;
				GCC_WARN_ABOUT_MISSING_PROTOTYPES = YES;
				GCC_WARN_ABOUT_RETURN_TYPE = YES;
				GCC_WARN_UNUSED_VARIABLE = YES;
				MACOSX_DEPLOYMENT_TARGET = 10.7;
				ONLY_ACTIVE_ARCH = YES;
				SDKROOT = macosx;
			};
			name = Debug;
		};
		890512CA156B40E90073E481 /* Release */ = {
			isa = XCBuildConfiguration;
			buildSettings = {
				ALWAYS_SEARCH_USER_PATHS = NO;
				ARCHS = "$(ARCHS_STANDARD_64_BIT)";
				COPY_PHASE_STRIP = YES;
				DEBUG_INFORMATION_FORMAT = "dwarf-with-dsym";
				GCC_C_LANGUAGE_STANDARD = gnu99;
				GCC_ENABLE_OBJC_EXCEPTIONS = YES;
				GCC_VERSION = com.apple.compilers.llvm.clang.1_0;
				GCC_WARN_64_TO_32_BIT_CONVERSION = YES;
				GCC_WARN_ABOUT_MISSING_PROTOTYPES = YES;
				GCC_WARN_ABOUT_RETURN_TYPE = YES;
				GCC_WARN_UNUSED_VARIABLE = YES;
				MACOSX_DEPLOYMENT_TARGET = 10.7;
				SDKROOT = macosx;
			};
			name = Release;
		};
		890512CC156B40E90073E481 /* Debug */ = {
			isa = XCBuildConfiguration;
			buildSettings = {
				PRODUCT_NAME = "$(TARGET_NAME)";
			};
			name = Debug;
		};
		890512CD156B40E90073E481 /* Release */ = {
			isa = XCBuildConfiguration;
			buildSettings = {
				PRODUCT_NAME = "$(TARGET_NAME)";
			};
			name = Release;
		};
/* End XCBuildConfiguration section */

/* Begin XCConfigurationList section */
		890512BB156B40E70073E481 /* Build configuration list for PBXProject "Week12Lab" */ = {
			isa = XCConfigurationList;
			buildConfigurations = (
				890512C9156B40E90073E481 /* Debug */,
				890512CA156B40E90073E481 /* Release */,
			);
			defaultConfigurationIsVisible = 0;
			defaultConfigurationName = Release;
		};
		890512CB156B40E90073E481 /* Build configuration list for PBXNativeTarget "Week12Lab" */ = {
			isa = XCConfigurationList;
			buildConfigurations = (
				890512CC156B40E90073E481 /* Debug */,
				890512CD156B40E90073E481 /* Release */,
			);
			defaultConfigurationIsVisible = 0;
		};
/* End XCConfigurationList section */
	};
	rootObject = 890512B8156B40E70073E481 /* Project object */;
}
