// !$*UTF8*$!
{
	archiveVersion = 1;
	classes = {
	};
	objectVersion = 46;
	objects = {

/* Begin PBXBuildFile section */
		896DB5D5150EE62300098990 /* main.cpp in Sources */ = {isa = PBXBuildFile; fileRef = 896DB5D4150EE62300098990 /* main.cpp */; };
		896DB5D7150EE62300098990 /* Week3Lab.1 in CopyFiles */ = {isa = PBXBuildFile; fileRef = 896DB5D6150EE62300098990 /* Week3Lab.1 */; };
/* End PBXBuildFile section */

/* Begin PBXCopyFilesBuildPhase section */
		896DB5CE150EE62300098990 /* CopyFiles */ = {
			isa = PBXCopyFilesBuildPhase;
			buildActionMask = 2147483647;
			dstPath = /usr/share/man/man1/;
			dstSubfolderSpec = 0;
			files = (
				896DB5D7150EE62300098990 /* Week3Lab.1 in CopyFiles */,
			);
			runOnlyForDeploymentPostprocessing = 1;
		};
/* End PBXCopyFilesBuildPhase section */

/* Begin PBXFileReference section */
		896DB5D0150EE62300098990 /* Week3Lab */ = {isa = PBXFileReference; explicitFileType = "compiled.mach-o.executable"; includeInIndex = 0; path = Week3Lab; sourceTree = BUILT_PRODUCTS_DIR; };
		896DB5D4150EE62300098990 /* main.cpp */ = {isa = PBXFileReference; lastKnownFileType = sourcecode.cpp.cpp; path = main.cpp; sourceTree = "<group>"; };
		896DB5D6150EE62300098990 /* Week3Lab.1 */ = {isa = PBXFileReference; lastKnownFileType = text.man; path = Week3Lab.1; sourceTree = "<group>"; };
		896DB5DD150EE6A600098990 /* Week3Lab.h */ = {isa = PBXFileReference; fileEncoding = 4; lastKnownFileType = sourcecode.c.h; path = Week3Lab.h; sourceTree = "<group>"; };
/* End PBXFileReference section */

/* Begin PBXFrameworksBuildPhase section */
		896DB5CD150EE62300098990 /* Frameworks */ = {
			isa = PBXFrameworksBuildPhase;
			buildActionMask = 2147483647;
			files = (
			);
			runOnlyForDeploymentPostprocessing = 0;
		};
/* End PBXFrameworksBuildPhase section */

/* Begin PBXGroup section */
		896DB5C5150EE62300098990 = {
			isa = PBXGroup;
			children = (
				896DB5D3150EE62300098990 /* Week3Lab */,
				896DB5D1150EE62300098990 /* Products */,
			);
			sourceTree = "<group>";
		};
		896DB5D1150EE62300098990 /* Products */ = {
			isa = PBXGroup;
			children = (
				896DB5D0150EE62300098990 /* Week3Lab */,
			);
			name = Products;
			sourceTree = "<group>";
		};
		896DB5D3150EE62300098990 /* Week3Lab */ = {
			isa = PBXGroup;
			children = (
				896DB5D4150EE62300098990 /* main.cpp */,
				896DB5DD150EE6A600098990 /* Week3Lab.h */,
				896DB5D6150EE62300098990 /* Week3Lab.1 */,
			);
			path = Week3Lab;
			sourceTree = "<group>";
		};
/* End PBXGroup section */

/* Begin PBXNativeTarget section */
		896DB5CF150EE62300098990 /* Week3Lab */ = {
			isa = PBXNativeTarget;
			buildConfigurationList = 896DB5DA150EE62300098990 /* Build configuration list for PBXNativeTarget "Week3Lab" */;
			buildPhases = (
				896DB5CC150EE62300098990 /* Sources */,
				896DB5CD150EE62300098990 /* Frameworks */,
				896DB5CE150EE62300098990 /* CopyFiles */,
			);
			buildRules = (
			);
			dependencies = (
			);
			name = Week3Lab;
			productName = Week3Lab;
			productReference = 896DB5D0150EE62300098990 /* Week3Lab */;
			productType = "com.apple.product-type.tool";
		};
/* End PBXNativeTarget section */

/* Begin PBXProject section */
		896DB5C7150EE62300098990 /* Project object */ = {
			isa = PBXProject;
			attributes = {
				LastUpgradeCheck = 0420;
				ORGANIZATIONNAME = "Monash University Student";
			};
			buildConfigurationList = 896DB5CA150EE62300098990 /* Build configuration list for PBXProject "Week3Lab" */;
			compatibilityVersion = "Xcode 3.2";
			developmentRegion = English;
			hasScannedForEncodings = 0;
			knownRegions = (
				en,
			);
			mainGroup = 896DB5C5150EE62300098990;
			productRefGroup = 896DB5D1150EE62300098990 /* Products */;
			projectDirPath = "";
			projectRoot = "";
			targets = (
				896DB5CF150EE62300098990 /* Week3Lab */,
			);
		};
/* End PBXProject section */

/* Begin PBXSourcesBuildPhase section */
		896DB5CC150EE62300098990 /* Sources */ = {
			isa = PBXSourcesBuildPhase;
			buildActionMask = 2147483647;
			files = (
				896DB5D5150EE62300098990 /* main.cpp in Sources */,
			);
			runOnlyForDeploymentPostprocessing = 0;
		};
/* End PBXSourcesBuildPhase section */

/* Begin XCBuildConfiguration section */
		896DB5D8150EE62300098990 /* Debug */ = {
			isa = XCBuildConfiguration;
			buildSettings = {
				ALWAYS_SEARCH_USER_PATHS = NO;
				ARCHS = "$(ARCHS_STANDARD_64_BIT)";
				COPY_PHASE_STRIP = NO;
				GCC_C_LANGUAGE_STANDARD = gnu99;
				GCC_DYNAMIC_NO_PIC = NO;
				GCC_ENABLE_OBJC_EXCEPTIONS = YES;
				GCC_OPTIMIZATION_LEVEL = 0;
				GCC_PREPROCESSOR_DEFINITIONS = (
					"DEBUG=1",
					"$(inherited)",
				);
				GCC_SYMBOLS_PRIVATE_EXTERN = NO;
				GCC_VERSION = com.apple.compilers.llvm.clang.1_0;
				GCC_WARN_64_TO_32_BIT_CONVERSION = YES;
				GCC_WARN_ABOUT_MISSING_PROTOTYPES = YES;
				GCC_WARN_ABOUT_RETURN_TYPE = YES;
				GCC_WARN_UNUSED_VARIABLE = YES;
				MACOSX_DEPLOYMENT_TARGET = 10.7;
				ONLY_ACTIVE_ARCH = YES;
				SDKROOT = macosx;
			};
			name = Debug;
		};
		896DB5D9150EE62300098990 /* Release */ = {
			isa = XCBuildConfiguration;
			buildSettings = {
				ALWAYS_SEARCH_USER_PATHS = NO;
				ARCHS = "$(ARCHS_STANDARD_64_BIT)";
				COPY_PHASE_STRIP = YES;
				DEBUG_INFORMATION_FORMAT = "dwarf-with-dsym";
				GCC_C_LANGUAGE_STANDARD = gnu99;
				GCC_ENABLE_OBJC_EXCEPTIONS = YES;
				GCC_VERSION = com.apple.compilers.llvm.clang.1_0;
				GCC_WARN_64_TO_32_BIT_CONVERSION = YES;
				GCC_WARN_ABOUT_MISSING_PROTOTYPES = YES;
				GCC_WARN_ABOUT_RETURN_TYPE = YES;
				GCC_WARN_UNUSED_VARIABLE = YES;
				MACOSX_DEPLOYMENT_TARGET = 10.7;
				SDKROOT = macosx;
			};
			name = Release;
		};
		896DB5DB150EE62300098990 /* Debug */ = {
			isa = XCBuildConfiguration;
			buildSettings = {
				PRODUCT_NAME = "$(TARGET_NAME)";
			};
			name = Debug;
		};
		896DB5DC150EE62300098990 /* Release */ = {
			isa = XCBuildConfiguration;
			buildSettings = {
				PRODUCT_NAME = "$(TARGET_NAME)";
			};
			name = Release;
		};
/* End XCBuildConfiguration section */

/* Begin XCConfigurationList section */
		896DB5CA150EE62300098990 /* Build configuration list for PBXProject "Week3Lab" */ = {
			isa = XCConfigurationList;
			buildConfigurations = (
				896DB5D8150EE62300098990 /* Debug */,
				896DB5D9150EE62300098990 /* Release */,
			);
			defaultConfigurationIsVisible = 0;
			defaultConfigurationName = Release;
		};
		896DB5DA150EE62300098990 /* Build configuration list for PBXNativeTarget "Week3Lab" */ = {
			isa = XCConfigurationList;
			buildConfigurations = (
				896DB5DB150EE62300098990 /* Debug */,
				896DB5DC150EE62300098990 /* Release */,
			);
			defaultConfigurationIsVisible = 0;
		};
/* End XCConfigurationList section */
	};
	rootObject = 896DB5C7150EE62300098990 /* Project object */;
}
