// !$*UTF8*$!
{
	archiveVersion = 1;
	classes = {
	};
	objectVersion = 46;
	objects = {

/* Begin PBXBuildFile section */
		893CAA04153D1CC5000F6D26 /* main.cpp in Sources */ = {isa = PBXBuildFile; fileRef = 893CAA03153D1CC5000F6D26 /* main.cpp */; };
		893CAA06153D1CC5000F6D26 /* Week7Lab.1 in CopyFiles */ = {isa = PBXBuildFile; fileRef = 893CAA05153D1CC5000F6D26 /* Week7Lab.1 */; };
		893CAA0E153D2BA7000F6D26 /* Monster.cpp in Sources */ = {isa = PBXBuildFile; fileRef = 893CAA0D153D2BA7000F6D26 /* Monster.cpp */; };
/* End PBXBuildFile section */

/* Begin PBXCopyFilesBuildPhase section */
		893CA9FD153D1CC5000F6D26 /* CopyFiles */ = {
			isa = PBXCopyFilesBuildPhase;
			buildActionMask = 2147483647;
			dstPath = /usr/share/man/man1/;
			dstSubfolderSpec = 0;
			files = (
				893CAA06153D1CC5000F6D26 /* Week7Lab.1 in CopyFiles */,
			);
			runOnlyForDeploymentPostprocessing = 1;
		};
/* End PBXCopyFilesBuildPhase section */

/* Begin PBXFileReference section */
		893CA9FF153D1CC5000F6D26 /* Week7Lab */ = {isa = PBXFileReference; explicitFileType = "compiled.mach-o.executable"; includeInIndex = 0; path = Week7Lab; sourceTree = BUILT_PRODUCTS_DIR; };
		893CAA03153D1CC5000F6D26 /* main.cpp */ = {isa = PBXFileReference; lastKnownFileType = sourcecode.cpp.cpp; path = main.cpp; sourceTree = "<group>"; };
		893CAA05153D1CC5000F6D26 /* Week7Lab.1 */ = {isa = PBXFileReference; lastKnownFileType = text.man; path = Week7Lab.1; sourceTree = "<group>"; };
		893CAA0C153D2B40000F6D26 /* Week07_Monster.h */ = {isa = PBXFileReference; fileEncoding = 4; lastKnownFileType = sourcecode.c.h; path = Week07_Monster.h; sourceTree = "<group>"; };
		893CAA0D153D2BA7000F6D26 /* Monster.cpp */ = {isa = PBXFileReference; fileEncoding = 4; lastKnownFileType = sourcecode.cpp.cpp; path = Monster.cpp; sourceTree = "<group>"; };
/* End PBXFileReference section */

/* Begin PBXFrameworksBuildPhase section */
		893CA9FC153D1CC5000F6D26 /* Frameworks */ = {
			isa = PBXFrameworksBuildPhase;
			buildActionMask = 2147483647;
			files = (
			);
			runOnlyForDeploymentPostprocessing = 0;
		};
/* End PBXFrameworksBuildPhase section */

/* Begin PBXGroup section */
		893CA9F4153D1CC5000F6D26 = {
			isa = PBXGroup;
			children = (
				893CAA02153D1CC5000F6D26 /* Week7Lab */,
				893CAA00153D1CC5000F6D26 /* Products */,
			);
			sourceTree = "<group>";
		};
		893CAA00153D1CC5000F6D26 /* Products */ = {
			isa = PBXGroup;
			children = (
				893CA9FF153D1CC5000F6D26 /* Week7Lab */,
			);
			name = Products;
			sourceTree = "<group>";
		};
		893CAA02153D1CC5000F6D26 /* Week7Lab */ = {
			isa = PBXGroup;
			children = (
				893CAA03153D1CC5000F6D26 /* main.cpp */,
				893CAA0C153D2B40000F6D26 /* Week07_Monster.h */,
				893CAA0D153D2BA7000F6D26 /* Monster.cpp */,
				893CAA05153D1CC5000F6D26 /* Week7Lab.1 */,
			);
			path = Week7Lab;
			sourceTree = "<group>";
		};
/* End PBXGroup section */

/* Begin PBXNativeTarget section */
		893CA9FE153D1CC5000F6D26 /* Week7Lab */ = {
			isa = PBXNativeTarget;
			buildConfigurationList = 893CAA09153D1CC5000F6D26 /* Build configuration list for PBXNativeTarget "Week7Lab" */;
			buildPhases = (
				893CA9FB153D1CC5000F6D26 /* Sources */,
				893CA9FC153D1CC5000F6D26 /* Frameworks */,
				893CA9FD153D1CC5000F6D26 /* CopyFiles */,
			);
			buildRules = (
			);
			dependencies = (
			);
			name = Week7Lab;
			productName = Week7Lab;
			productReference = 893CA9FF153D1CC5000F6D26 /* Week7Lab */;
			productType = "com.apple.product-type.tool";
		};
/* End PBXNativeTarget section */

/* Begin PBXProject section */
		893CA9F6153D1CC5000F6D26 /* Project object */ = {
			isa = PBXProject;
			attributes = {
				LastUpgradeCheck = 0420;
				ORGANIZATIONNAME = "Monash University Student";
			};
			buildConfigurationList = 893CA9F9153D1CC5000F6D26 /* Build configuration list for PBXProject "Week7Lab" */;
			compatibilityVersion = "Xcode 3.2";
			developmentRegion = English;
			hasScannedForEncodings = 0;
			knownRegions = (
				en,
			);
			mainGroup = 893CA9F4153D1CC5000F6D26;
			productRefGroup = 893CAA00153D1CC5000F6D26 /* Products */;
			projectDirPath = "";
			projectRoot = "";
			targets = (
				893CA9FE153D1CC5000F6D26 /* Week7Lab */,
			);
		};
/* End PBXProject section */

/* Begin PBXSourcesBuildPhase section */
		893CA9FB153D1CC5000F6D26 /* Sources */ = {
			isa = PBXSourcesBuildPhase;
			buildActionMask = 2147483647;
			files = (
				893CAA04153D1CC5000F6D26 /* main.cpp in Sources */,
				893CAA0E153D2BA7000F6D26 /* Monster.cpp in Sources */,
			);
			runOnlyForDeploymentPostprocessing = 0;
		};
/* End PBXSourcesBuildPhase section */

/* Begin XCBuildConfiguration section */
		893CAA07153D1CC5000F6D26 /* Debug */ = {
			isa = XCBuildConfiguration;
			buildSettings = {
				ALWAYS_SEARCH_USER_PATHS = NO;
				ARCHS = "$(ARCHS_STANDARD_64_BIT)";
				COPY_PHASE_STRIP = NO;
				GCC_C_LANGUAGE_STANDARD = gnu99;
				GCC_DYNAMIC_NO_PIC = NO;
				GCC_ENABLE_OBJC_EXCEPTIONS = YES;
				GCC_OPTIMIZATION_LEVEL = 0;
				GCC_PREPROCESSOR_DEFINITIONS = (
					"DEBUG=1",
					"$(inherited)",
				);
				GCC_SYMBOLS_PRIVATE_EXTERN = NO;
				GCC_VERSION = com.apple.compilers.llvm.clang.1_0;
				GCC_WARN_64_TO_32_BIT_CONVERSION = YES;
				GCC_WARN_ABOUT_MISSING_PROTOTYPES = YES;
				GCC_WARN_ABOUT_RETURN_TYPE = YES;
				GCC_WARN_UNUSED_VARIABLE = YES;
				MACOSX_DEPLOYMENT_TARGET = 10.7;
				ONLY_ACTIVE_ARCH = YES;
				SDKROOT = macosx;
			};
			name = Debug;
		};
		893CAA08153D1CC5000F6D26 /* Release */ = {
			isa = XCBuildConfiguration;
			buildSettings = {
				ALWAYS_SEARCH_USER_PATHS = NO;
				ARCHS = "$(ARCHS_STANDARD_64_BIT)";
				COPY_PHASE_STRIP = YES;
				DEBUG_INFORMATION_FORMAT = "dwarf-with-dsym";
				GCC_C_LANGUAGE_STANDARD = gnu99;
				GCC_ENABLE_OBJC_EXCEPTIONS = YES;
				GCC_VERSION = com.apple.compilers.llvm.clang.1_0;
				GCC_WARN_64_TO_32_BIT_CONVERSION = YES;
				GCC_WARN_ABOUT_MISSING_PROTOTYPES = YES;
				GCC_WARN_ABOUT_RETURN_TYPE = YES;
				GCC_WARN_UNUSED_VARIABLE = YES;
				MACOSX_DEPLOYMENT_TARGET = 10.7;
				SDKROOT = macosx;
			};
			name = Release;
		};
		893CAA0A153D1CC5000F6D26 /* Debug */ = {
			isa = XCBuildConfiguration;
			buildSettings = {
				PRODUCT_NAME = "$(TARGET_NAME)";
			};
			name = Debug;
		};
		893CAA0B153D1CC5000F6D26 /* Release */ = {
			isa = XCBuildConfiguration;
			buildSettings = {
				PRODUCT_NAME = "$(TARGET_NAME)";
			};
			name = Release;
		};
/* End XCBuildConfiguration section */

/* Begin XCConfigurationList section */
		893CA9F9153D1CC5000F6D26 /* Build configuration list for PBXProject "Week7Lab" */ = {
			isa = XCConfigurationList;
			buildConfigurations = (
				893CAA07153D1CC5000F6D26 /* Debug */,
				893CAA08153D1CC5000F6D26 /* Release */,
			);
			defaultConfigurationIsVisible = 0;
			defaultConfigurationName = Release;
		};
		893CAA09153D1CC5000F6D26 /* Build configuration list for PBXNativeTarget "Week7Lab" */ = {
			isa = XCConfigurationList;
			buildConfigurations = (
				893CAA0A153D1CC5000F6D26 /* Debug */,
				893CAA0B153D1CC5000F6D26 /* Release */,
			);
			defaultConfigurationIsVisible = 0;
		};
/* End XCConfigurationList section */
	};
	rootObject = 893CA9F6153D1CC5000F6D26 /* Project object */;
}
